
Microsoft Visual Studio Solution File, Format Version 12.00
# Visual Studio Version 17
VisualStudioVersion = 17.5.33414.496
MinimumVisualStudioVersion = 10.0.40219.1
Project("{9A19103F-16F7-4668-BE54-9A1E7A4F7556}") = "Protocolo_web_adm", "Protocolo_web_adm.csproj", "{D5290CEB-8E81-4579-9BBD-E8B487B76010}"
EndProject
Global
	GlobalSection(SolutionConfigurationPlatforms) = preSolution
		Debug|Any CPU = Debug|Any CPU
		Release|Any CPU = Release|Any CPU
	EndGlobalSection
	GlobalSection(ProjectConfigurationPlatforms) = postSolution
		{D5290CEB-8E81-4579-9BBD-E8B487B76010}.Debug|Any CPU.ActiveCfg = Debug|Any CPU
		{D5290CEB-8E81-4579-9BBD-E8B487B76010}.Debug|Any CPU.Build.0 = Debug|Any CPU
		{D5290CEB-8E81-4579-9BBD-E8B487B76010}.Release|Any CPU.ActiveCfg = Release|Any CPU
		{D5290CEB-8E81-4579-9BBD-E8B487B76010}.Release|Any CPU.Build.0 = Release|Any CPU
	EndGlobalSection
	GlobalSection(SolutionProperties) = preSolution
		HideSolutionNode = FALSE
	EndGlobalSection
	GlobalSection(ExtensibilityGlobals) = postSolution
		SolutionGuid = {B8A1C965-76F3-4E2A-A25B-BF4C0B5AE862}
	EndGlobalSection
EndGlobal
